
Microsoft Visual Studio Solution File, Format Version 12.00
# Visual Studio Version 17
VisualStudioVersion = 17.1.32328.378
MinimumVisualStudioVersion = 10.0.40219.1
Project("{FAE04EC0-301F-11D3-BF4B-00C04F79EFBC}") = "EmailSender", "EmailSender\EmailSender.csproj", "{1FF4561F-245D-4D47-B5F1-748F40947F4B}"
EndProject
Global
	GlobalSection(SolutionConfigurationPlatforms) = preSolution
		Debug|Any CPU = Debug|Any CPU
		Release|Any CPU = Release|Any CPU
	EndGlobalSection
	GlobalSection(ProjectConfigurationPlatforms) = postSolution
		{1FF4561F-245D-4D47-B5F1-748F40947F4B}.Debug|Any CPU.ActiveCfg = Debug|Any CPU
		{1FF4561F-245D-4D47-B5F1-748F40947F4B}.Debug|Any CPU.Build.0 = Debug|Any CPU
		{1FF4561F-245D-4D47-B5F1-748F40947F4B}.Release|Any CPU.ActiveCfg = Release|Any CPU
		{1FF4561F-245D-4D47-B5F1-748F40947F4B}.Release|Any CPU.Build.0 = Release|Any CPU
	EndGlobalSection
	GlobalSection(SolutionProperties) = preSolution
		HideSolutionNode = FALSE
	EndGlobalSection
	GlobalSection(ExtensibilityGlobals) = postSolution
		SolutionGuid = {528BE2BD-A7FC-44B4-83D6-A5123FF32C41}
	EndGlobalSection
EndGlobal
